# This file is automatically @generated by Cargo.
# It is not intended for manual editing.
version = 4

[[package]]
name = "rpg-translator-cli"
version = "0.1.0"
dependencies = [
 "rpg-translator-core",
]

[[package]]
name = "rpg-translator-core"
version = "0.1.0"

[[package]]
name = "rpg-translator-desktop"
version = "0.1.0"
dependencies = [
 "rpg-translator-core",
]
